
Microsoft Visual Studio Solution File, Format Version 12.00
# Visual Studio Version 16
VisualStudioVersion = 16.0.30503.244
MinimumVisualStudioVersion = 10.0.40219.1
Project("{FAE04EC0-301F-11D3-BF4B-00C04F79EFBC}") = "ConsoleApp0915_2", "ConsoleApp0915_2\ConsoleApp0915_2.csproj", "{1CAC5E84-94BB-4515-8CF6-A336B47B9309}"
EndProject
Global
	GlobalSection(SolutionConfigurationPlatforms) = preSolution
		Debug|Any CPU = Debug|Any CPU
		Release|Any CPU = Release|Any CPU
	EndGlobalSection
	GlobalSection(ProjectConfigurationPlatforms) = postSolution
		{1CAC5E84-94BB-4515-8CF6-A336B47B9309}.Debug|Any CPU.ActiveCfg = Debug|Any CPU
		{1CAC5E84-94BB-4515-8CF6-A336B47B9309}.Debug|Any CPU.Build.0 = Debug|Any CPU
		{1CAC5E84-94BB-4515-8CF6-A336B47B9309}.Release|Any CPU.ActiveCfg = Release|Any CPU
		{1CAC5E84-94BB-4515-8CF6-A336B47B9309}.Release|Any CPU.Build.0 = Release|Any CPU
	EndGlobalSection
	GlobalSection(SolutionProperties) = preSolution
		HideSolutionNode = FALSE
	EndGlobalSection
	GlobalSection(ExtensibilityGlobals) = postSolution
		SolutionGuid = {5469DEA3-B584-481D-9C82-16A4DD75C18E}
	EndGlobalSection
EndGlobal
